{
  "version": 4,
  "terraform_version": "1.1.6",
  "serial": 238,
  "lineage": "312be3a3-5ab8-c7db-4c4d-2b7e22c8036b",
  "outputs": {
    "cnrm_service_account": {
      "value": "test-cnrm-1f136973@cymbal-coffee-infra-867184.iam.gserviceaccount.com",
      "type": "string"
    },
    "project_id": {
      "value": "cymbal-coffee-infra-867184",
      "type": "string"
    }
  },
  "resources": [
    {
      "mode": "data",
      "type": "google_service_account_access_token",
      "name": "default",
      "provider": "provider[\"registry.terraform.io/hashicorp/google\"].impersonation",
      "instances": [
        {
          "schema_version": 0,
          "attributes": {
            "access_token": "ya29.c.b0AXv0zTP-eHVOr1e10CgZ5HAPY1LUZ5aE3uvYNQuc1-j_g8MNhZm3ErXfGiqIDQNrpVN5DGN-VyQKsZHya0LUIIT5VZjGs8cSo7K3oOMZYZAJRhdGDcd9ON53dyHwL--I_c1S_u-w-3j9e0Ik8-bf3W-GeEnIP4MEKYDRdkW5Bp7To9AJ3c1QmJjETXY57d5YrC0VB2vIugvsHYJ-wcVLhJURFXML70vpWkLS0AbgIEjVyru8J2fdw21VCoy37SiJ8err3OdZtBzUQsLD9jKGmfaClrwAWbpA5s5AB-Y8KOtddnS_m833hptUxmHbkk8e0G0T4ubJMYbNg1KqG2lvNzwkaFQhVUVEZSWPX5vH9D1BPhwvRh3_TgfYumhkgOKeuR9SLUikzWg5NTeXrS9ze55c8WHsUi-IKkMkwAPRr6Xv8m0tiD3wTH1Btav2B_W4RlTNZ_xIgYxHqsUZjJQ6YcczPSqb40bnqjW70dMNeA.............................................................................................................................................................................................................................................................................................................................................................................................................................................................................................................................................",
            "delegates": null,
            "id": "projects/-/serviceAccounts/dev-day-envbuild-sa@cloud-dev-day-22-repo.iam.gserviceaccount.com",
            "lifetime": "1200s",
            "scopes": [
              "cloud-platform"
            ],
            "target_service_account": "dev-day-envbuild-sa@cloud-dev-day-22-repo.iam.gserviceaccount.com"
          },
          "sensitive_attributes": []
        }
      ]
    },
    {
      "mode": "managed",
      "type": "google_compute_firewall",
      "name": "egress-allow-gke-node",
      "provider": "provider[\"registry.terraform.io/hashicorp/google\"]",
      "instances": [
        {
          "schema_version": 1,
          "attributes": {
            "allow": [
              {
                "ports": [
                  "443",
                  "9443",
                  "10250",
                  "15017",
                  "6443"
                ],
                "protocol": "tcp"
              }
            ],
            "creation_timestamp": "2022-03-11T00:36:46.892-08:00",
            "deny": [],
            "description": "",
            "destination_ranges": [
              "172.16.0.32/28"
            ],
            "direction": "EGRESS",
            "disabled": false,
            "enable_logging": null,
            "id": "projects/cymbal-coffee-infra-867184/global/firewalls/test-gke-node-allow-egress-1f136973",
            "log_config": [],
            "name": "test-gke-node-allow-egress-1f136973",
            "network": "https://www.googleapis.com/compute/v1/projects/cymbal-coffee-infra-867184/global/networks/network-1",
            "priority": 200,
            "project": "cymbal-coffee-infra-867184",
            "self_link": "https://www.googleapis.com/compute/v1/projects/cymbal-coffee-infra-867184/global/firewalls/test-gke-node-allow-egress-1f136973",
            "source_ranges": [],
            "source_service_accounts": [],
            "source_tags": [],
            "target_service_accounts": [
              "test-cluster-1f136973@cymbal-coffee-infra-867184.iam.gserviceaccount.com"
            ],
            "target_tags": [],
            "timeouts": null
          },
          "sensitive_attributes": [],
          "private": "eyJlMmJmYjczMC1lY2FhLTExZTYtOGY4OC0zNDM2M2JjN2M0YzAiOnsiY3JlYXRlIjoxMjAwMDAwMDAwMDAwLCJkZWxldGUiOjEyMDAwMDAwMDAwMDAsInVwZGF0ZSI6MTIwMDAwMDAwMDAwMH0sInNjaGVtYV92ZXJzaW9uIjoiMSJ9",
          "dependencies": [
            "data.google_service_account_access_token.default",
            "google_compute_network.vpc-network",
            "google_project.cymbal-infra-project",
            "google_service_account.service_account",
            "random_id.postfix",
            "random_integer.project_salt"
          ]
        }
      ]
    },
    {
      "mode": "managed",
      "type": "google_compute_firewall",
      "name": "ingress-allow-gke-node",
      "provider": "provider[\"registry.terraform.io/hashicorp/google\"]",
      "instances": [
        {
          "schema_version": 1,
          "attributes": {
            "allow": [
              {
                "ports": [
                  "443",
                  "9443",
                  "10250",
                  "15017",
                  "6443"
                ],
                "protocol": "tcp"
              }
            ],
            "creation_timestamp": "2022-03-11T00:36:47.050-08:00",
            "deny": [],
            "description": "",
            "destination_ranges": [],
            "direction": "INGRESS",
            "disabled": false,
            "enable_logging": null,
            "id": "projects/cymbal-coffee-infra-867184/global/firewalls/test-gke-node-allow-ingress-1f136973",
            "log_config": [],
            "name": "test-gke-node-allow-ingress-1f136973",
            "network": "https://www.googleapis.com/compute/v1/projects/cymbal-coffee-infra-867184/global/networks/network-1",
            "priority": 200,
            "project": "cymbal-coffee-infra-867184",
            "self_link": "https://www.googleapis.com/compute/v1/projects/cymbal-coffee-infra-867184/global/firewalls/test-gke-node-allow-ingress-1f136973",
            "source_ranges": [
              "172.16.0.32/28"
            ],
            "source_service_accounts": [
              "test-cluster-1f136973@cymbal-coffee-infra-867184.iam.gserviceaccount.com"
            ],
            "source_tags": [],
            "target_service_accounts": [],
            "target_tags": [],
            "timeouts": null
          },
          "sensitive_attributes": [],
          "private": "eyJlMmJmYjczMC1lY2FhLTExZTYtOGY4OC0zNDM2M2JjN2M0YzAiOnsiY3JlYXRlIjoxMjAwMDAwMDAwMDAwLCJkZWxldGUiOjEyMDAwMDAwMDAwMDAsInVwZGF0ZSI6MTIwMDAwMDAwMDAwMH0sInNjaGVtYV92ZXJzaW9uIjoiMSJ9",
          "dependencies": [
            "data.google_service_account_access_token.default",
            "google_compute_network.vpc-network",
            "google_project.cymbal-infra-project",
            "google_service_account.service_account",
            "random_id.postfix",
            "random_integer.project_salt"
          ]
        }
      ]
    },
    {
      "mode": "managed",
      "type": "google_compute_network",
      "name": "vpc-network",
      "provider": "provider[\"registry.terraform.io/hashicorp/google\"]",
      "instances": [
        {
          "schema_version": 0,
          "attributes": {
            "auto_create_subnetworks": false,
            "delete_default_routes_on_create": false,
            "description": "",
            "gateway_ipv4": "",
            "id": "projects/cymbal-coffee-infra-867184/global/networks/network-1",
            "mtu": 0,
            "name": "network-1",
            "project": "cymbal-coffee-infra-867184",
            "routing_mode": "REGIONAL",
            "self_link": "https://www.googleapis.com/compute/v1/projects/cymbal-coffee-infra-867184/global/networks/network-1",
            "timeouts": null
          },
          "sensitive_attributes": [],
          "private": "eyJlMmJmYjczMC1lY2FhLTExZTYtOGY4OC0zNDM2M2JjN2M0YzAiOnsiY3JlYXRlIjoxMjAwMDAwMDAwMDAwLCJkZWxldGUiOjEyMDAwMDAwMDAwMDAsInVwZGF0ZSI6MTIwMDAwMDAwMDAwMH19",
          "dependencies": [
            "data.google_service_account_access_token.default",
            "google_project.cymbal-infra-project",
            "random_integer.project_salt"
          ]
        }
      ]
    },
    {
      "mode": "managed",
      "type": "google_compute_router",
      "name": "nat_router",
      "provider": "provider[\"registry.terraform.io/hashicorp/google\"]",
      "instances": [
        {
          "schema_version": 0,
          "attributes": {
            "bgp": [
              {
                "advertise_mode": "DEFAULT",
                "advertised_groups": [],
                "advertised_ip_ranges": [],
                "asn": 64514,
                "keepalive_interval": 20
              }
            ],
            "creation_timestamp": "2022-03-11T00:36:47.142-08:00",
            "description": "",
            "encrypted_interconnect_router": false,
            "id": "projects/cymbal-coffee-infra-867184/regions/europe-west2/routers/test-nat-rtr",
            "name": "test-nat-rtr",
            "network": "https://www.googleapis.com/compute/v1/projects/cymbal-coffee-infra-867184/global/networks/network-1",
            "project": "cymbal-coffee-infra-867184",
            "region": "europe-west2",
            "self_link": "https://www.googleapis.com/compute/v1/projects/cymbal-coffee-infra-867184/regions/europe-west2/routers/test-nat-rtr",
            "timeouts": null
          },
          "sensitive_attributes": [],
          "private": "eyJlMmJmYjczMC1lY2FhLTExZTYtOGY4OC0zNDM2M2JjN2M0YzAiOnsiY3JlYXRlIjoxMjAwMDAwMDAwMDAwLCJkZWxldGUiOjEyMDAwMDAwMDAwMDAsInVwZGF0ZSI6MTIwMDAwMDAwMDAwMH19",
          "dependencies": [
            "data.google_service_account_access_token.default",
            "google_compute_network.vpc-network",
            "google_project.cymbal-infra-project",
            "random_integer.project_salt"
          ]
        }
      ]
    },
    {
      "mode": "managed",
      "type": "google_compute_router_nat",
      "name": "nat_gateway",
      "provider": "provider[\"registry.terraform.io/hashicorp/google\"]",
      "instances": [
        {
          "schema_version": 0,
          "attributes": {
            "drain_nat_ips": [],
            "enable_endpoint_independent_mapping": true,
            "icmp_idle_timeout_sec": 30,
            "id": "cymbal-coffee-infra-867184/europe-west2/test-nat-rtr/test-nat-gw",
            "log_config": [],
            "min_ports_per_vm": 0,
            "name": "test-nat-gw",
            "nat_ip_allocate_option": "AUTO_ONLY",
            "nat_ips": [],
            "project": "cymbal-coffee-infra-867184",
            "region": "europe-west2",
            "router": "test-nat-rtr",
            "source_subnetwork_ip_ranges_to_nat": "LIST_OF_SUBNETWORKS",
            "subnetwork": [
              {
                "name": "https://www.googleapis.com/compute/v1/projects/cymbal-coffee-infra-867184/regions/europe-west2/subnetworks/subnet-euw2",
                "secondary_ip_range_names": [],
                "source_ip_ranges_to_nat": [
                  "ALL_IP_RANGES"
                ]
              }
            ],
            "tcp_established_idle_timeout_sec": 1200,
            "tcp_transitory_idle_timeout_sec": 30,
            "timeouts": null,
            "udp_idle_timeout_sec": 30
          },
          "sensitive_attributes": [],
          "private": "eyJlMmJmYjczMC1lY2FhLTExZTYtOGY4OC0zNDM2M2JjN2M0YzAiOnsiY3JlYXRlIjoxMjAwMDAwMDAwMDAwLCJkZWxldGUiOjEyMDAwMDAwMDAwMDAsInVwZGF0ZSI6MTIwMDAwMDAwMDAwMH19",
          "dependencies": [
            "data.google_service_account_access_token.default",
            "google_compute_network.vpc-network",
            "google_compute_router.nat_router",
            "google_compute_subnetwork.consumer-subnet",
            "google_project.cymbal-infra-project",
            "random_integer.project_salt"
          ]
        }
      ]
    },
    {
      "mode": "managed",
      "type": "google_compute_subnetwork",
      "name": "consumer-subnet",
      "provider": "provider[\"registry.terraform.io/hashicorp/google\"]",
      "instances": [
        {
          "schema_version": 0,
          "attributes": {
            "creation_timestamp": "2022-03-11T00:36:47.426-08:00",
            "description": "",
            "external_ipv6_prefix": "",
            "fingerprint": null,
            "gateway_address": "10.1.0.1",
            "id": "projects/cymbal-coffee-infra-867184/regions/europe-west2/subnetworks/subnet-euw2",
            "ip_cidr_range": "10.1.0.0/22",
            "ipv6_access_type": "",
            "ipv6_cidr_range": "",
            "log_config": [],
            "name": "subnet-euw2",
            "network": "https://www.googleapis.com/compute/v1/projects/cymbal-coffee-infra-867184/global/networks/network-1",
            "private_ip_google_access": true,
            "private_ipv6_google_access": "DISABLE_GOOGLE_ACCESS",
            "project": "cymbal-coffee-infra-867184",
            "purpose": "PRIVATE",
            "region": "europe-west2",
            "role": "",
            "secondary_ip_range": [
              {
                "ip_cidr_range": "10.192.0.0/14",
                "range_name": "gke-test-cluster-1f136973-pods-b9f77965"
              },
              {
                "ip_cidr_range": "10.196.0.0/20",
                "range_name": "gke-test-cluster-1f136973-services-b9f77965"
              }
            ],
            "self_link": "https://www.googleapis.com/compute/v1/projects/cymbal-coffee-infra-867184/regions/europe-west2/subnetworks/subnet-euw2",
            "stack_type": "IPV4_ONLY",
            "timeouts": null
          },
          "sensitive_attributes": [],
          "private": "eyJlMmJmYjczMC1lY2FhLTExZTYtOGY4OC0zNDM2M2JjN2M0YzAiOnsiY3JlYXRlIjoxMjAwMDAwMDAwMDAwLCJkZWxldGUiOjEyMDAwMDAwMDAwMDAsInVwZGF0ZSI6MTIwMDAwMDAwMDAwMH19",
          "dependencies": [
            "data.google_service_account_access_token.default",
            "google_compute_network.vpc-network",
            "google_project.cymbal-infra-project",
            "random_integer.project_salt"
          ]
        }
      ]
    },
    {
      "mode": "managed",
      "type": "google_container_cluster",
      "name": "cluster",
      "provider": "provider[\"registry.terraform.io/hashicorp/google-beta\"]",
      "instances": [
        {
          "schema_version": 1,
          "attributes": {
            "addons_config": [
              {
                "cloudrun_config": [],
                "config_connector_config": [
                  {
                    "enabled": true
                  }
                ],
                "dns_cache_config": [],
                "gce_persistent_disk_csi_driver_config": [
                  {
                    "enabled": true
                  }
                ],
                "horizontal_pod_autoscaling": [],
                "http_load_balancing": [],
                "istio_config": [],
                "kalm_config": [],
                "network_policy_config": [
                  {
                    "disabled": true
                  }
                ]
              }
            ],
            "authenticator_groups_config": [],
            "cluster_autoscaling": [
              {
                "auto_provisioning_defaults": [],
                "autoscaling_profile": "BALANCED",
                "enabled": false,
                "resource_limits": []
              }
            ],
            "cluster_ipv4_cidr": "10.192.0.0/14",
            "cluster_telemetry": [
              {
                "type": "ENABLED"
              }
            ],
            "confidential_nodes": [],
            "database_encryption": [
              {
                "key_name": "",
                "state": "DECRYPTED"
              }
            ],
            "datapath_provider": "",
            "default_max_pods_per_node": 110,
            "default_snat_status": [
              {
                "disabled": false
              }
            ],
            "description": "",
            "dns_config": [],
            "enable_autopilot": false,
            "enable_binary_authorization": false,
            "enable_intranode_visibility": false,
            "enable_kubernetes_alpha": false,
            "enable_l4_ilb_subsetting": false,
            "enable_legacy_abac": false,
            "enable_shielded_nodes": true,
            "enable_tpu": false,
            "endpoint": "35.189.88.174",
            "id": "projects/cymbal-coffee-infra-867184/locations/europe-west2/clusters/test-cluster-1f136973",
            "initial_node_count": 1,
            "ip_allocation_policy": [
              {
                "cluster_ipv4_cidr_block": "10.192.0.0/14",
                "cluster_secondary_range_name": "gke-test-cluster-1f136973-pods-b9f77965",
                "services_ipv4_cidr_block": "10.196.0.0/20",
                "services_secondary_range_name": "gke-test-cluster-1f136973-services-b9f77965"
              }
            ],
            "label_fingerprint": "a9dc16a7",
            "location": "europe-west2",
            "logging_config": [
              {
                "enable_components": [
                  "SYSTEM_COMPONENTS",
                  "WORKLOADS"
                ]
              }
            ],
            "logging_service": "logging.googleapis.com/kubernetes",
            "maintenance_policy": [],
            "master_auth": [
              {
                "client_certificate": "",
                "client_certificate_config": [
                  {
                    "issue_client_certificate": false
                  }
                ],
                "client_key": "",
                "cluster_ca_certificate": "LS0tLS1CRUdJTiBDRVJUSUZJQ0FURS0tLS0tCk1JSUVMVENDQXBXZ0F3SUJBZ0lSQU4xQ3hlQWxIR2FDRTRuS0E1ejgwRWt3RFFZSktvWklodmNOQVFFTEJRQXcKTHpFdE1Dc0dBMVVFQXhNa1l6bGpNamhoWm1NdE9XUXhZUzAwWVRreExUZzFNVGt0TkRReU5UUTRaR014WXpZeApNQ0FYRFRJeU1ETXhNVEEzTXpjd09Wb1lEekl3TlRJd016QXpNRGd6TnpBNVdqQXZNUzB3S3dZRFZRUURFeVJqCk9XTXlPR0ZtWXkwNVpERmhMVFJoT1RFdE9EVXhPUzAwTkRJMU5EaGtZekZqTmpFd2dnR2lNQTBHQ1NxR1NJYjMKRFFFQkFRVUFBNElCandBd2dnR0tBb0lCZ1FEamJpN043N1VxWldpVTBsbjd2WmhFcVBiT3ZOMW9OVWwwM3NvVwpwOGRxS01uRTBmU0ttdDRRMFNZaG5yTFJMRFZBN2ViZW5obWV2aGlLUDdlUzkzTVlnWDgzMG5KQTRicEZiRmdkCnpZRjVLTkhWbUpkWEx4WDdUcklzVDJGanA5MlRiQlhhYUtCVWw0VHZadHc1THZldzdMSGp6SEpuZmY3clBWTloKSmQ4ZElJY0xlcXg3dGJOTEdrYktON1JQdlRLRUdKaEx4Y0hURmY1OTVMRWsra0xDOFFDZDQxMDJ6VXhRSzVFLwpRbitZb1FBcjc2YjMyVnlXNVhocmRsMTJObE10cENIbmFDN2JaaThza25iSFdPZnE3NE1NYS9OVXY0OE0yNHdCCmkwWVdJbVdZUVVDZFNCNzI0eVNuVWV6aUdGZ01LOW92RHJnaGhjVVhDUUNqMDF5MkFjV0k3K3pTWHZaREhtRkMKTFdSMFRZVlUxbEtRSTV1ZXh4RjJHcnI3RVRIWGM4VjZuSmc1YmlwazJoU2NIeFZrYjBHblJSUnNrUXRJT0UvaQpaVExhMjU5L3QwZTIrVGo1RTJPRHozY204UmlJZGQxWFB1NzloWXpaai9TckdEOTlUVDh4cjlSUW5CYW1HNlBQCmVyNFRNREVMMU9aUnNHa2tZQkorWlo3N2d5c0NBd0VBQWFOQ01FQXdEZ1lEVlIwUEFRSC9CQVFEQWdJRU1BOEcKQTFVZEV3RUIvd1FGTUFNQkFmOHdIUVlEVlIwT0JCWUVGR0RxelVkNExCSnladDlJOWRpSUNRSnBQWGVjTUEwRwpDU3FHU0liM0RRRUJDd1VBQTRJQmdRQnlwS0RMZHZjYjVoUkx0TzVoOUpNMXlIRFJUZ0FOVlJucUJaanVzaVl2CnhqcmRQL3FMZ0tuLzJwdXBUZXY5UnlBS0NpQnF3NGlsT1FhU2tUQzY5OHpTSGV3VTRTZHVDN0g5OHdERGQybTAKOGl3STAyRTNjUmdobkNVV1REVVZ2bERzTXJsVWF0YlBENmJvNnpVdC82c0lxSWYrcFhZT1Q1Zm9ZNm1qT2k2UwpyNG1LKys3aEkyUE1QS3hOT0J0czhlUk1GOFNQS3dBQkVna01raXgxaS9ESUNvY0I5RmM0VlBCU0dJSnJ3ZkpuCmJXWVh5NC9Mbml2NVlaZUc4M2kweXBqQUNGM1IzQUlYbnJzanZPQjRmdUZCT3B3THBlM0c1TmNtVWc0SWtnNzAKcjM2a3RVZGNaVnVCL05ZNU9aalNmbkNMN05EWHJKdVdSZTFScG55bWRCaU1kVncwZzIzQjVrVHp2V1hHdnhDVwo4WjFtKy9ZZmEvYndqN0tIWUQ1WktKVFB3WE42NGdSUzhnNHFoUk9tbGJLSlcrc1FJZk5BWjljV1A1Z08vUHl0Cm1xcy85K3kzYmVHZnI3QTVFZ0p3dTlGejQ3YVBZM2wwRXVzMzZWaTdKMlBrZXpTVVYrL3o2RjJqbEhsbFFPeEkKZGFsdGhlMHNXc0lIV1NKUDZUS2pkZDQ9Ci0tLS0tRU5EIENFUlRJRklDQVRFLS0tLS0K"
              }
            ],
            "master_authorized_networks_config": [
              {
                "cidr_blocks": [
                  {
                    "cidr_block": "0.0.0.0/0",
                    "display_name": "subnet"
                  }
                ]
              }
            ],
            "master_version": "1.21.6-gke.1503",
            "min_master_version": null,
            "monitoring_config": [
              {
                "enable_components": [
                  "SYSTEM_COMPONENTS"
                ]
              }
            ],
            "monitoring_service": "monitoring.googleapis.com/kubernetes",
            "name": "test-cluster-1f136973",
            "network": "projects/cymbal-coffee-infra-867184/global/networks/network-1",
            "network_policy": [
              {
                "enabled": false,
                "provider": "PROVIDER_UNSPECIFIED"
              }
            ],
            "networking_mode": "VPC_NATIVE",
            "node_config": [
              {
                "boot_disk_kms_key": "",
                "disk_size_gb": 80,
                "disk_type": "pd-balanced",
                "ephemeral_storage_config": [],
                "gcfs_config": [],
                "guest_accelerator": [],
                "image_type": "COS_CONTAINERD",
                "kubelet_config": [],
                "labels": {
                  "private-pool": "true"
                },
                "linux_node_config": [],
                "local_ssd_count": 0,
                "machine_type": "e2-medium",
                "metadata": {
                  "disable-legacy-endpoints": "true"
                },
                "min_cpu_platform": "",
                "node_group": "",
                "oauth_scopes": [
                  "https://www.googleapis.com/auth/cloud-platform"
                ],
                "preemptible": false,
                "sandbox_config": [],
                "service_account": "test-cluster-1f136973@cymbal-coffee-infra-867184.iam.gserviceaccount.com",
                "shielded_instance_config": [
                  {
                    "enable_integrity_monitoring": true,
                    "enable_secure_boot": true
                  }
                ],
                "spot": false,
                "tags": [],
                "taint": [],
                "workload_metadata_config": [
                  {
                    "mode": "GKE_METADATA"
                  }
                ]
              }
            ],
            "node_locations": [
              "europe-west2-a",
              "europe-west2-b",
              "europe-west2-c"
            ],
            "node_pool": [
              {
                "autoscaling": [
                  {
                    "max_node_count": 5,
                    "min_node_count": 1
                  }
                ],
                "initial_node_count": 1,
                "instance_group_urls": [
                  "https://www.googleapis.com/compute/v1/projects/cymbal-coffee-infra-867184/zones/europe-west2-c/instanceGroupManagers/gke-test-cluster-1f1-test-np-20220311-842466b4-grp",
                  "https://www.googleapis.com/compute/v1/projects/cymbal-coffee-infra-867184/zones/europe-west2-a/instanceGroupManagers/gke-test-cluster-1f1-test-np-20220311-a773a953-grp",
                  "https://www.googleapis.com/compute/v1/projects/cymbal-coffee-infra-867184/zones/europe-west2-b/instanceGroupManagers/gke-test-cluster-1f1-test-np-20220311-6267d861-grp"
                ],
                "managed_instance_group_urls": [
                  "https://www.googleapis.com/compute/beta/projects/cymbal-coffee-infra-867184/zones/europe-west2-c/instanceGroups/gke-test-cluster-1f1-test-np-20220311-842466b4-grp",
                  "https://www.googleapis.com/compute/beta/projects/cymbal-coffee-infra-867184/zones/europe-west2-a/instanceGroups/gke-test-cluster-1f1-test-np-20220311-a773a953-grp",
                  "https://www.googleapis.com/compute/beta/projects/cymbal-coffee-infra-867184/zones/europe-west2-b/instanceGroups/gke-test-cluster-1f1-test-np-20220311-6267d861-grp"
                ],
                "management": [
                  {
                    "auto_repair": true,
                    "auto_upgrade": true
                  }
                ],
                "max_pods_per_node": 110,
                "name": "test-np-20220311084605242400000001",
                "name_prefix": "",
                "network_config": [
                  {
                    "create_pod_range": false,
                    "pod_ipv4_cidr_block": "10.192.0.0/14",
                    "pod_range": "gke-test-cluster-1f136973-pods-b9f77965"
                  }
                ],
                "node_config": [
                  {
                    "boot_disk_kms_key": "",
                    "disk_size_gb": 80,
                    "disk_type": "pd-balanced",
                    "ephemeral_storage_config": [],
                    "gcfs_config": [],
                    "guest_accelerator": [],
                    "image_type": "COS_CONTAINERD",
                    "kubelet_config": [],
                    "labels": {
                      "private-pool": "true"
                    },
                    "linux_node_config": [],
                    "local_ssd_count": 0,
                    "machine_type": "e2-medium",
                    "metadata": {
                      "disable-legacy-endpoints": "true"
                    },
                    "min_cpu_platform": "",
                    "node_group": "",
                    "oauth_scopes": [
                      "https://www.googleapis.com/auth/cloud-platform"
                    ],
                    "preemptible": false,
                    "sandbox_config": [],
                    "service_account": "test-cluster-1f136973@cymbal-coffee-infra-867184.iam.gserviceaccount.com",
                    "shielded_instance_config": [
                      {
                        "enable_integrity_monitoring": true,
                        "enable_secure_boot": true
                      }
                    ],
                    "spot": false,
                    "tags": [],
                    "taint": [],
                    "workload_metadata_config": [
                      {
                        "mode": "GKE_METADATA"
                      }
                    ]
                  }
                ],
                "node_count": 1,
                "node_locations": [
                  "europe-west2-a",
                  "europe-west2-b",
                  "europe-west2-c"
                ],
                "upgrade_settings": [
                  {
                    "max_surge": 1,
                    "max_unavailable": 0
                  }
                ],
                "version": "1.21.6-gke.1503"
              }
            ],
            "node_version": "1.21.6-gke.1503",
            "notification_config": [
              {
                "pubsub": [
                  {
                    "enabled": false,
                    "topic": ""
                  }
                ]
              }
            ],
            "operation": null,
            "pod_security_policy_config": [
              {
                "enabled": false
              }
            ],
            "private_cluster_config": [
              {
                "enable_private_endpoint": false,
                "enable_private_nodes": true,
                "master_global_access_config": [
                  {
                    "enabled": false
                  }
                ],
                "master_ipv4_cidr_block": "172.16.0.32/28",
                "peering_name": "gke-n3cb89fd436a0a1ad1f6-f630-ba57-peer",
                "private_endpoint": "172.16.0.34",
                "public_endpoint": "35.189.88.174"
              }
            ],
            "private_ipv6_google_access": "",
            "project": "cymbal-coffee-infra-867184",
            "release_channel": [
              {
                "channel": "REGULAR"
              }
            ],
            "remove_default_node_pool": true,
            "resource_labels": {},
            "resource_usage_export_config": [],
            "self_link": "https://container.googleapis.com/v1beta1/projects/cymbal-coffee-infra-867184/locations/europe-west2/clusters/test-cluster-1f136973",
            "services_ipv4_cidr": "10.196.0.0/20",
            "subnetwork": "projects/cymbal-coffee-infra-867184/regions/europe-west2/subnetworks/subnet-euw2",
            "timeouts": null,
            "tpu_ipv4_cidr_block": "",
            "vertical_pod_autoscaling": [],
            "workload_identity_config": [
              {
                "workload_pool": "cymbal-coffee-infra-867184.svc.id.goog"
              }
            ]
          },
          "sensitive_attributes": [],
          "private": "eyJlMmJmYjczMC1lY2FhLTExZTYtOGY4OC0zNDM2M2JjN2M0YzAiOnsiY3JlYXRlIjoyNDAwMDAwMDAwMDAwLCJkZWxldGUiOjI0MDAwMDAwMDAwMDAsInJlYWQiOjI0MDAwMDAwMDAwMDAsInVwZGF0ZSI6MzYwMDAwMDAwMDAwMH0sInNjaGVtYV92ZXJzaW9uIjoiMSJ9",
          "dependencies": [
            "data.google_service_account_access_token.default",
            "google_compute_firewall.egress-allow-gke-node",
            "google_compute_firewall.ingress-allow-gke-node",
            "google_compute_network.vpc-network",
            "google_compute_subnetwork.consumer-subnet",
            "google_project.cymbal-infra-project",
            "google_service_account.service_account",
            "random_id.postfix",
            "random_integer.project_salt"
          ]
        }
      ]
    },
    {
      "mode": "managed",
      "type": "google_container_node_pool",
      "name": "nodepools",
      "provider": "provider[\"registry.terraform.io/hashicorp/google-beta\"]",
      "instances": [
        {
          "schema_version": 1,
          "attributes": {
            "autoscaling": [
              {
                "max_node_count": 5,
                "min_node_count": 1
              }
            ],
            "cluster": "test-cluster-1f136973",
            "id": "projects/cymbal-coffee-infra-867184/locations/europe-west2/clusters/test-cluster-1f136973/nodePools/test-np-20220311084605242400000001",
            "initial_node_count": 1,
            "instance_group_urls": [
              "https://www.googleapis.com/compute/v1/projects/cymbal-coffee-infra-867184/zones/europe-west2-c/instanceGroupManagers/gke-test-cluster-1f1-test-np-20220311-842466b4-grp",
              "https://www.googleapis.com/compute/v1/projects/cymbal-coffee-infra-867184/zones/europe-west2-a/instanceGroupManagers/gke-test-cluster-1f1-test-np-20220311-a773a953-grp",
              "https://www.googleapis.com/compute/v1/projects/cymbal-coffee-infra-867184/zones/europe-west2-b/instanceGroupManagers/gke-test-cluster-1f1-test-np-20220311-6267d861-grp"
            ],
            "location": "europe-west2",
            "managed_instance_group_urls": [
              "https://www.googleapis.com/compute/beta/projects/cymbal-coffee-infra-867184/zones/europe-west2-c/instanceGroups/gke-test-cluster-1f1-test-np-20220311-842466b4-grp",
              "https://www.googleapis.com/compute/beta/projects/cymbal-coffee-infra-867184/zones/europe-west2-a/instanceGroups/gke-test-cluster-1f1-test-np-20220311-a773a953-grp",
              "https://www.googleapis.com/compute/beta/projects/cymbal-coffee-infra-867184/zones/europe-west2-b/instanceGroups/gke-test-cluster-1f1-test-np-20220311-6267d861-grp"
            ],
            "management": [
              {
                "auto_repair": true,
                "auto_upgrade": true
              }
            ],
            "max_pods_per_node": 110,
            "name": "test-np-20220311084605242400000001",
            "name_prefix": "test-np-",
            "network_config": [
              {
                "create_pod_range": false,
                "pod_ipv4_cidr_block": "10.192.0.0/14",
                "pod_range": "gke-test-cluster-1f136973-pods-b9f77965"
              }
            ],
            "node_config": [
              {
                "boot_disk_kms_key": "",
                "disk_size_gb": 80,
                "disk_type": "pd-balanced",
                "ephemeral_storage_config": [],
                "gcfs_config": [],
                "guest_accelerator": [],
                "image_type": "COS_CONTAINERD",
                "kubelet_config": [],
                "labels": {
                  "private-pool": "true"
                },
                "linux_node_config": [],
                "local_ssd_count": 0,
                "machine_type": "e2-medium",
                "metadata": {
                  "disable-legacy-endpoints": "true"
                },
                "min_cpu_platform": "",
                "node_group": "",
                "oauth_scopes": [
                  "https://www.googleapis.com/auth/cloud-platform"
                ],
                "preemptible": false,
                "sandbox_config": [],
                "service_account": "test-cluster-1f136973@cymbal-coffee-infra-867184.iam.gserviceaccount.com",
                "shielded_instance_config": [
                  {
                    "enable_integrity_monitoring": true,
                    "enable_secure_boot": true
                  }
                ],
                "spot": false,
                "tags": [],
                "taint": [],
                "workload_metadata_config": [
                  {
                    "mode": "GKE_METADATA"
                  }
                ]
              }
            ],
            "node_count": 1,
            "node_locations": [
              "europe-west2-a",
              "europe-west2-b",
              "europe-west2-c"
            ],
            "operation": null,
            "project": "cymbal-coffee-infra-867184",
            "timeouts": {
              "create": "30m",
              "delete": "2h",
              "update": "40m"
            },
            "upgrade_settings": [
              {
                "max_surge": 1,
                "max_unavailable": 0
              }
            ],
            "version": "1.21.6-gke.1503"
          },
          "sensitive_attributes": [],
          "private": "eyJlMmJmYjczMC1lY2FhLTExZTYtOGY4OC0zNDM2M2JjN2M0YzAiOnsiY3JlYXRlIjoxODAwMDAwMDAwMDAwLCJkZWxldGUiOjcyMDAwMDAwMDAwMDAsInVwZGF0ZSI6MjQwMDAwMDAwMDAwMH0sInNjaGVtYV92ZXJzaW9uIjoiMSJ9",
          "dependencies": [
            "data.google_service_account_access_token.default",
            "google_compute_firewall.egress-allow-gke-node",
            "google_compute_firewall.ingress-allow-gke-node",
            "google_compute_network.vpc-network",
            "google_compute_subnetwork.consumer-subnet",
            "google_container_cluster.cluster",
            "google_project.cymbal-infra-project",
            "google_service_account.service_account",
            "random_id.postfix",
            "random_integer.project_salt"
          ]
        }
      ]
    },
    {
      "mode": "managed",
      "type": "google_project",
      "name": "cymbal-infra-project",
      "provider": "provider[\"registry.terraform.io/hashicorp/google\"].core",
      "instances": [
        {
          "schema_version": 1,
          "attributes": {
            "auto_create_network": false,
            "billing_account": "010901-486CFD-BF71D3",
            "folder_id": "994185999267",
            "id": "projects/cymbal-coffee-infra-867184",
            "labels": {},
            "name": "cloud-dev-cymbal-coffee",
            "number": "727935089397",
            "org_id": "",
            "project_id": "cymbal-coffee-infra-867184",
            "skip_delete": null,
            "timeouts": null
          },
          "sensitive_attributes": [],
          "private": "eyJlMmJmYjczMC1lY2FhLTExZTYtOGY4OC0zNDM2M2JjN2M0YzAiOnsiY3JlYXRlIjo2MDAwMDAwMDAwMDAsImRlbGV0ZSI6NjAwMDAwMDAwMDAwLCJyZWFkIjo2MDAwMDAwMDAwMDAsInVwZGF0ZSI6NjAwMDAwMDAwMDAwfSwic2NoZW1hX3ZlcnNpb24iOiIxIn0=",
          "dependencies": [
            "data.google_service_account_access_token.default",
            "random_integer.project_salt"
          ]
        }
      ]
    },
    {
      "mode": "managed",
      "type": "google_project_iam_binding",
      "name": "cnrm-project-0",
      "provider": "provider[\"registry.terraform.io/hashicorp/google\"]",
      "instances": [
        {
          "schema_version": 0,
          "attributes": {
            "condition": [],
            "etag": "BwXZ7Tq8PQs=",
            "id": "cymbal-coffee-infra-867184/roles/owner",
            "members": [
              "serviceAccount:test-cnrm-1f136973@cymbal-coffee-infra-867184.iam.gserviceaccount.com"
            ],
            "project": "cymbal-coffee-infra-867184",
            "role": "roles/owner"
          },
          "sensitive_attributes": [],
          "private": "bnVsbA==",
          "dependencies": [
            "data.google_service_account_access_token.default",
            "google_project.cymbal-infra-project",
            "google_service_account.service_account_cnrm",
            "random_id.postfix",
            "random_integer.project_salt"
          ]
        }
      ]
    },
    {
      "mode": "managed",
      "type": "google_project_iam_binding",
      "name": "cnrm-project-1",
      "provider": "provider[\"registry.terraform.io/hashicorp/google\"]",
      "instances": [
        {
          "schema_version": 0,
          "attributes": {
            "condition": [],
            "etag": "BwXZ7Tq8PQs=",
            "id": "cymbal-coffee-infra-867184/roles/iam.workloadIdentityUser",
            "members": [
              "serviceAccount:cymbal-coffee-infra-867184.svc.id.goog[cnrm-system/cnrm-controller-manager]"
            ],
            "project": "cymbal-coffee-infra-867184",
            "role": "roles/iam.workloadIdentityUser"
          },
          "sensitive_attributes": [],
          "private": "bnVsbA==",
          "dependencies": [
            "data.google_service_account_access_token.default",
            "google_project.cymbal-infra-project",
            "random_integer.project_salt"
          ]
        }
      ]
    },
    {
      "mode": "managed",
      "type": "google_project_iam_member",
      "name": "service_account_log_writer",
      "provider": "provider[\"registry.terraform.io/hashicorp/google\"]",
      "instances": [
        {
          "schema_version": 0,
          "attributes": {
            "condition": [],
            "etag": "BwXZ7Tq8PQs=",
            "id": "cymbal-coffee-infra-867184/roles/logging.logWriter/serviceAccount:test-cluster-1f136973@cymbal-coffee-infra-867184.iam.gserviceaccount.com",
            "member": "serviceAccount:test-cluster-1f136973@cymbal-coffee-infra-867184.iam.gserviceaccount.com",
            "project": "cymbal-coffee-infra-867184",
            "role": "roles/logging.logWriter"
          },
          "sensitive_attributes": [],
          "private": "bnVsbA==",
          "dependencies": [
            "data.google_service_account_access_token.default",
            "google_project.cymbal-infra-project",
            "google_service_account.service_account",
            "random_id.postfix",
            "random_integer.project_salt"
          ]
        }
      ]
    },
    {
      "mode": "managed",
      "type": "google_project_iam_member",
      "name": "service_account_metric_writer",
      "provider": "provider[\"registry.terraform.io/hashicorp/google\"]",
      "instances": [
        {
          "schema_version": 0,
          "attributes": {
            "condition": [],
            "etag": "BwXZ7Tq8PQs=",
            "id": "cymbal-coffee-infra-867184/roles/monitoring.metricWriter/serviceAccount:test-cluster-1f136973@cymbal-coffee-infra-867184.iam.gserviceaccount.com",
            "member": "serviceAccount:test-cluster-1f136973@cymbal-coffee-infra-867184.iam.gserviceaccount.com",
            "project": "cymbal-coffee-infra-867184",
            "role": "roles/monitoring.metricWriter"
          },
          "sensitive_attributes": [],
          "private": "bnVsbA==",
          "dependencies": [
            "data.google_service_account_access_token.default",
            "google_project.cymbal-infra-project",
            "google_service_account.service_account",
            "random_id.postfix",
            "random_integer.project_salt"
          ]
        }
      ]
    },
    {
      "mode": "managed",
      "type": "google_project_iam_member",
      "name": "service_account_monitoring_viewer",
      "provider": "provider[\"registry.terraform.io/hashicorp/google\"]",
      "instances": [
        {
          "schema_version": 0,
          "attributes": {
            "condition": [],
            "etag": "BwXZ7Tq8PQs=",
            "id": "cymbal-coffee-infra-867184/roles/monitoring.viewer/serviceAccount:test-cluster-1f136973@cymbal-coffee-infra-867184.iam.gserviceaccount.com",
            "member": "serviceAccount:test-cluster-1f136973@cymbal-coffee-infra-867184.iam.gserviceaccount.com",
            "project": "cymbal-coffee-infra-867184",
            "role": "roles/monitoring.viewer"
          },
          "sensitive_attributes": [],
          "private": "bnVsbA==",
          "dependencies": [
            "data.google_service_account_access_token.default",
            "google_project.cymbal-infra-project",
            "google_service_account.service_account",
            "random_id.postfix",
            "random_integer.project_salt"
          ]
        }
      ]
    },
    {
      "mode": "managed",
      "type": "google_project_service",
      "name": "project_apis",
      "provider": "provider[\"registry.terraform.io/hashicorp/google\"]",
      "instances": [
        {
          "index_key": 0,
          "schema_version": 0,
          "attributes": {
            "disable_dependent_services": true,
            "disable_on_destroy": true,
            "id": "cymbal-coffee-infra-867184/container.googleapis.com",
            "project": "cymbal-coffee-infra-867184",
            "service": "container.googleapis.com",
            "timeouts": null
          },
          "sensitive_attributes": [],
          "private": "eyJlMmJmYjczMC1lY2FhLTExZTYtOGY4OC0zNDM2M2JjN2M0YzAiOnsiY3JlYXRlIjoxMjAwMDAwMDAwMDAwLCJkZWxldGUiOjEyMDAwMDAwMDAwMDAsInJlYWQiOjYwMDAwMDAwMDAwMCwidXBkYXRlIjoxMjAwMDAwMDAwMDAwfX0=",
          "dependencies": [
            "data.google_service_account_access_token.default",
            "google_project.cymbal-infra-project",
            "random_integer.project_salt"
          ]
        },
        {
          "index_key": 1,
          "schema_version": 0,
          "attributes": {
            "disable_dependent_services": true,
            "disable_on_destroy": true,
            "id": "cymbal-coffee-infra-867184/serviceusage.googleapis.com",
            "project": "cymbal-coffee-infra-867184",
            "service": "serviceusage.googleapis.com",
            "timeouts": null
          },
          "sensitive_attributes": [],
          "private": "eyJlMmJmYjczMC1lY2FhLTExZTYtOGY4OC0zNDM2M2JjN2M0YzAiOnsiY3JlYXRlIjoxMjAwMDAwMDAwMDAwLCJkZWxldGUiOjEyMDAwMDAwMDAwMDAsInJlYWQiOjYwMDAwMDAwMDAwMCwidXBkYXRlIjoxMjAwMDAwMDAwMDAwfX0=",
          "dependencies": [
            "data.google_service_account_access_token.default",
            "google_project.cymbal-infra-project",
            "random_integer.project_salt"
          ]
        },
        {
          "index_key": 2,
          "schema_version": 0,
          "attributes": {
            "disable_dependent_services": true,
            "disable_on_destroy": true,
            "id": "cymbal-coffee-infra-867184/sqladmin.googleapis.com",
            "project": "cymbal-coffee-infra-867184",
            "service": "sqladmin.googleapis.com",
            "timeouts": null
          },
          "sensitive_attributes": [],
          "private": "eyJlMmJmYjczMC1lY2FhLTExZTYtOGY4OC0zNDM2M2JjN2M0YzAiOnsiY3JlYXRlIjoxMjAwMDAwMDAwMDAwLCJkZWxldGUiOjEyMDAwMDAwMDAwMDAsInJlYWQiOjYwMDAwMDAwMDAwMCwidXBkYXRlIjoxMjAwMDAwMDAwMDAwfX0=",
          "dependencies": [
            "data.google_service_account_access_token.default",
            "google_project.cymbal-infra-project",
            "random_integer.project_salt"
          ]
        }
      ]
    },
    {
      "mode": "managed",
      "type": "google_service_account",
      "name": "service_account",
      "provider": "provider[\"registry.terraform.io/hashicorp/google\"]",
      "instances": [
        {
          "schema_version": 0,
          "attributes": {
            "account_id": "test-cluster-1f136973",
            "description": "",
            "disabled": false,
            "display_name": "test-cluster-1f136973",
            "email": "test-cluster-1f136973@cymbal-coffee-infra-867184.iam.gserviceaccount.com",
            "id": "projects/cymbal-coffee-infra-867184/serviceAccounts/test-cluster-1f136973@cymbal-coffee-infra-867184.iam.gserviceaccount.com",
            "name": "projects/cymbal-coffee-infra-867184/serviceAccounts/test-cluster-1f136973@cymbal-coffee-infra-867184.iam.gserviceaccount.com",
            "project": "cymbal-coffee-infra-867184",
            "timeouts": null,
            "unique_id": "107449025808902584848"
          },
          "sensitive_attributes": [],
          "private": "eyJlMmJmYjczMC1lY2FhLTExZTYtOGY4OC0zNDM2M2JjN2M0YzAiOnsiY3JlYXRlIjozMDAwMDAwMDAwMDB9fQ==",
          "dependencies": [
            "data.google_service_account_access_token.default",
            "google_project.cymbal-infra-project",
            "random_id.postfix",
            "random_integer.project_salt"
          ]
        }
      ]
    },
    {
      "mode": "managed",
      "type": "google_service_account",
      "name": "service_account_cnrm",
      "provider": "provider[\"registry.terraform.io/hashicorp/google\"]",
      "instances": [
        {
          "schema_version": 0,
          "attributes": {
            "account_id": "test-cnrm-1f136973",
            "description": "",
            "disabled": false,
            "display_name": "test-cnrm-1f136973",
            "email": "test-cnrm-1f136973@cymbal-coffee-infra-867184.iam.gserviceaccount.com",
            "id": "projects/cymbal-coffee-infra-867184/serviceAccounts/test-cnrm-1f136973@cymbal-coffee-infra-867184.iam.gserviceaccount.com",
            "name": "projects/cymbal-coffee-infra-867184/serviceAccounts/test-cnrm-1f136973@cymbal-coffee-infra-867184.iam.gserviceaccount.com",
            "project": "cymbal-coffee-infra-867184",
            "timeouts": null,
            "unique_id": "105395878191038830782"
          },
          "sensitive_attributes": [],
          "private": "eyJlMmJmYjczMC1lY2FhLTExZTYtOGY4OC0zNDM2M2JjN2M0YzAiOnsiY3JlYXRlIjozMDAwMDAwMDAwMDB9fQ==",
          "dependencies": [
            "data.google_service_account_access_token.default",
            "google_project.cymbal-infra-project",
            "random_id.postfix",
            "random_integer.project_salt"
          ]
        }
      ]
    },
    {
      "mode": "managed",
      "type": "random_id",
      "name": "postfix",
      "provider": "provider[\"registry.terraform.io/hashicorp/random\"]",
      "instances": [
        {
          "schema_version": 0,
          "attributes": {
            "b64_std": "HxNpcw==",
            "b64_url": "HxNpcw",
            "byte_length": 4,
            "dec": "521365875",
            "hex": "1f136973",
            "id": "HxNpcw",
            "keepers": null,
            "prefix": null
          },
          "sensitive_attributes": [],
          "private": "bnVsbA=="
        }
      ]
    },
    {
      "mode": "managed",
      "type": "random_integer",
      "name": "project_salt",
      "provider": "provider[\"registry.terraform.io/hashicorp/random\"]",
      "instances": [
        {
          "schema_version": 0,
          "attributes": {
            "id": "867184",
            "keepers": null,
            "max": 999999,
            "min": 100000,
            "result": 867184,
            "seed": null
          },
          "sensitive_attributes": [],
          "private": "bnVsbA=="
        }
      ]
    }
  ]
}
